// !$*UTF8*$!
{
	archiveVersion = 1;
	classes = {
	};
	objectVersion = 45;
	objects = {

/* Begin PBXBuildFile section */
		1F2E1A931221A0E100B7FED1 /* main.cpp in Sources */ = {isa = PBXBuildFile; fileRef = 1F2E1A8B1221A0E100B7FED1 /* main.cpp */; };
		1F2E1A951221A0E100B7FED1 /* Image.cpp in Sources */ = {isa = PBXBuildFile; fileRef = 1F2E1A8E1221A0E100B7FED1 /* Image.cpp */; };
		1F2E1A961221A0E100B7FED1 /* ulUtils.cpp in Sources */ = {isa = PBXBuildFile; fileRef = 1F2E1A901221A0E100B7FED1 /* ulUtils.cpp */; };
		1FB5A32012458466004B51B7 /* libopencv_calib3d.dylib in Frameworks */ = {isa = PBXBuildFile; fileRef = 1FB5A31712458466004B51B7 /* libopencv_calib3d.dylib */; };
		1FB5A32112458466004B51B7 /* libopencv_contrib.dylib in Frameworks */ = {isa = PBXBuildFile; fileRef = 1FB5A31812458466004B51B7 /* libopencv_contrib.dylib */; };
		1FB5A32212458466004B51B7 /* libopencv_core.dylib in Frameworks */ = {isa = PBXBuildFile; fileRef = 1FB5A31912458466004B51B7 /* libopencv_core.dylib */; };
		1FB5A32312458466004B51B7 /* libopencv_features2d.dylib in Frameworks */ = {isa = PBXBuildFile; fileRef = 1FB5A31A12458466004B51B7 /* libopencv_features2d.dylib */; };
		1FB5A32412458466004B51B7 /* libopencv_highgui.dylib in Frameworks */ = {isa = PBXBuildFile; fileRef = 1FB5A31B12458466004B51B7 /* libopencv_highgui.dylib */; };
		1FB5A32512458466004B51B7 /* libopencv_imgproc.dylib in Frameworks */ = {isa = PBXBuildFile; fileRef = 1FB5A31C12458466004B51B7 /* libopencv_imgproc.dylib */; };
		1FB5A32612458466004B51B7 /* libopencv_legacy.dylib in Frameworks */ = {isa = PBXBuildFile; fileRef = 1FB5A31D12458466004B51B7 /* libopencv_legacy.dylib */; };
		1FB5A32712458466004B51B7 /* libopencv_objdetect.2.1.dylib in Frameworks */ = {isa = PBXBuildFile; fileRef = 1FB5A31E12458466004B51B7 /* libopencv_objdetect.2.1.dylib */; };
		1FB5A32812458466004B51B7 /* libopencv_video.dylib in Frameworks */ = {isa = PBXBuildFile; fileRef = 1FB5A31F12458466004B51B7 /* libopencv_video.dylib */; };
		1FEA1C2D12455097002CBEC7 /* moustachizer.cpp in Sources */ = {isa = PBXBuildFile; fileRef = 1FEA1C2C12455097002CBEC7 /* moustachizer.cpp */; };
/* End PBXBuildFile section */

/* Begin PBXCopyFilesBuildPhase section */
		8DD76F690486A84900D96B5E /* CopyFiles */ = {
			isa = PBXCopyFilesBuildPhase;
			buildActionMask = 8;
			dstPath = /usr/share/man/man1/;
			dstSubfolderSpec = 0;
			files = (
			);
			runOnlyForDeploymentPostprocessing = 1;
		};
/* End PBXCopyFilesBuildPhase section */

/* Begin PBXFileReference section */
		1F2E1A8B1221A0E100B7FED1 /* main.cpp */ = {isa = PBXFileReference; fileEncoding = 4; lastKnownFileType = sourcecode.cpp.cpp; name = main.cpp; path = src/main.cpp; sourceTree = SOURCE_ROOT; };
		1F2E1A8E1221A0E100B7FED1 /* Image.cpp */ = {isa = PBXFileReference; fileEncoding = 4; lastKnownFileType = sourcecode.cpp.cpp; name = Image.cpp; path = src/Image.cpp; sourceTree = "<group>"; };
		1F2E1A8F1221A0E100B7FED1 /* Image.h */ = {isa = PBXFileReference; fileEncoding = 4; lastKnownFileType = sourcecode.c.h; name = Image.h; path = src/Image.h; sourceTree = "<group>"; };
		1F2E1A901221A0E100B7FED1 /* ulUtils.cpp */ = {isa = PBXFileReference; fileEncoding = 4; lastKnownFileType = sourcecode.cpp.cpp; name = ulUtils.cpp; path = src/ulUtils.cpp; sourceTree = "<group>"; };
		1F2E1A911221A0E100B7FED1 /* ulUtils.h */ = {isa = PBXFileReference; fileEncoding = 4; lastKnownFileType = sourcecode.c.h; name = ulUtils.h; path = src/ulUtils.h; sourceTree = "<group>"; };
		1FB5A316124583C4004B51B7 /* moustachizer.1 */ = {isa = PBXFileReference; fileEncoding = 4; lastKnownFileType = text.man; path = moustachizer.1; sourceTree = SOURCE_ROOT; };
		1FB5A31712458466004B51B7 /* libopencv_calib3d.dylib */ = {isa = PBXFileReference; lastKnownFileType = "compiled.mach-o.dylib"; name = libopencv_calib3d.dylib; path = lib/libopencv_calib3d.dylib; sourceTree = SOURCE_ROOT; };
		1FB5A31812458466004B51B7 /* libopencv_contrib.dylib */ = {isa = PBXFileReference; lastKnownFileType = "compiled.mach-o.dylib"; name = libopencv_contrib.dylib; path = lib/libopencv_contrib.dylib; sourceTree = SOURCE_ROOT; };
		1FB5A31912458466004B51B7 /* libopencv_core.dylib */ = {isa = PBXFileReference; lastKnownFileType = "compiled.mach-o.dylib"; name = libopencv_core.dylib; path = lib/libopencv_core.dylib; sourceTree = SOURCE_ROOT; };
		1FB5A31A12458466004B51B7 /* libopencv_features2d.dylib */ = {isa = PBXFileReference; lastKnownFileType = "compiled.mach-o.dylib"; name = libopencv_features2d.dylib; path = lib/libopencv_features2d.dylib; sourceTree = SOURCE_ROOT; };
		1FB5A31B12458466004B51B7 /* libopencv_highgui.dylib */ = {isa = PBXFileReference; lastKnownFileType = "compiled.mach-o.dylib"; name = libopencv_highgui.dylib; path = lib/libopencv_highgui.dylib; sourceTree = SOURCE_ROOT; };
		1FB5A31C12458466004B51B7 /* libopencv_imgproc.dylib */ = {isa = PBXFileReference; lastKnownFileType = "compiled.mach-o.dylib"; name = libopencv_imgproc.dylib; path = lib/libopencv_imgproc.dylib; sourceTree = SOURCE_ROOT; };
		1FB5A31D12458466004B51B7 /* libopencv_legacy.dylib */ = {isa = PBXFileReference; lastKnownFileType = "compiled.mach-o.dylib"; name = libopencv_legacy.dylib; path = lib/libopencv_legacy.dylib; sourceTree = SOURCE_ROOT; };
		1FB5A31E12458466004B51B7 /* libopencv_objdetect.2.1.dylib */ = {isa = PBXFileReference; lastKnownFileType = "compiled.mach-o.dylib"; name = libopencv_objdetect.2.1.dylib; path = lib/libopencv_objdetect.2.1.dylib; sourceTree = SOURCE_ROOT; };
		1FB5A31F12458466004B51B7 /* libopencv_video.dylib */ = {isa = PBXFileReference; lastKnownFileType = "compiled.mach-o.dylib"; name = libopencv_video.dylib; path = lib/libopencv_video.dylib; sourceTree = SOURCE_ROOT; };
		1FEA1C2C12455097002CBEC7 /* moustachizer.cpp */ = {isa = PBXFileReference; fileEncoding = 4; lastKnownFileType = sourcecode.cpp.cpp; path = moustachizer.cpp; sourceTree = SOURCE_ROOT; };
		8DD76F6C0486A84900D96B5E /* unlogo */ = {isa = PBXFileReference; explicitFileType = "compiled.mach-o.executable"; includeInIndex = 0; path = unlogo; sourceTree = BUILT_PRODUCTS_DIR; };
/* End PBXFileReference section */

/* Begin PBXFrameworksBuildPhase section */
		8DD76F660486A84900D96B5E /* Frameworks */ = {
			isa = PBXFrameworksBuildPhase;
			buildActionMask = 2147483647;
			files = (
				1FB5A32012458466004B51B7 /* libopencv_calib3d.dylib in Frameworks */,
				1FB5A32112458466004B51B7 /* libopencv_contrib.dylib in Frameworks */,
				1FB5A32212458466004B51B7 /* libopencv_core.dylib in Frameworks */,
				1FB5A32312458466004B51B7 /* libopencv_features2d.dylib in Frameworks */,
				1FB5A32412458466004B51B7 /* libopencv_highgui.dylib in Frameworks */,
				1FB5A32512458466004B51B7 /* libopencv_imgproc.dylib in Frameworks */,
				1FB5A32612458466004B51B7 /* libopencv_legacy.dylib in Frameworks */,
				1FB5A32712458466004B51B7 /* libopencv_objdetect.2.1.dylib in Frameworks */,
				1FB5A32812458466004B51B7 /* libopencv_video.dylib in Frameworks */,
			);
			runOnlyForDeploymentPostprocessing = 0;
		};
/* End PBXFrameworksBuildPhase section */

/* Begin PBXGroup section */
		08FB7794FE84155DC02AAC07 /* unlogo */ = {
			isa = PBXGroup;
			children = (
				08FB7795FE84155DC02AAC07 /* Source */,
				1FF04E5C121C8BEF0017E206 /* Libraries */,
				C6859E8C029090F304C91782 /* Documentation */,
				1AB674ADFE9D54B511CA2CBB /* Products */,
			);
			name = unlogo;
			sourceTree = "<group>";
		};
		08FB7795FE84155DC02AAC07 /* Source */ = {
			isa = PBXGroup;
			children = (
				1F2E1A8B1221A0E100B7FED1 /* main.cpp */,
				1F08A61B122374D400DE8879 /* Unlogo */,
			);
			name = Source;
			sourceTree = "<group>";
		};
		1AB674ADFE9D54B511CA2CBB /* Products */ = {
			isa = PBXGroup;
			children = (
				8DD76F6C0486A84900D96B5E /* unlogo */,
			);
			name = Products;
			sourceTree = "<group>";
		};
		1F08A61B122374D400DE8879 /* Unlogo */ = {
			isa = PBXGroup;
			children = (
				1FEA1C2C12455097002CBEC7 /* moustachizer.cpp */,
				1F2E1A8F1221A0E100B7FED1 /* Image.h */,
				1F2E1A8E1221A0E100B7FED1 /* Image.cpp */,
				1F2E1A901221A0E100B7FED1 /* ulUtils.cpp */,
				1F2E1A911221A0E100B7FED1 /* ulUtils.h */,
			);
			name = Unlogo;
			sourceTree = "<group>";
		};
		1FF04E5C121C8BEF0017E206 /* Libraries */ = {
			isa = PBXGroup;
			children = (
				1FB5A31712458466004B51B7 /* libopencv_calib3d.dylib */,
				1FB5A31812458466004B51B7 /* libopencv_contrib.dylib */,
				1FB5A31912458466004B51B7 /* libopencv_core.dylib */,
				1FB5A31A12458466004B51B7 /* libopencv_features2d.dylib */,
				1FB5A31B12458466004B51B7 /* libopencv_highgui.dylib */,
				1FB5A31C12458466004B51B7 /* libopencv_imgproc.dylib */,
				1FB5A31D12458466004B51B7 /* libopencv_legacy.dylib */,
				1FB5A31E12458466004B51B7 /* libopencv_objdetect.2.1.dylib */,
				1FB5A31F12458466004B51B7 /* libopencv_video.dylib */,
			);
			name = Libraries;
			sourceTree = "<group>";
		};
		C6859E8C029090F304C91782 /* Documentation */ = {
			isa = PBXGroup;
			children = (
				1FB5A316124583C4004B51B7 /* moustachizer.1 */,
			);
			name = Documentation;
			sourceTree = "<group>";
		};
/* End PBXGroup section */

/* Begin PBXNativeTarget section */
		8DD76F620486A84900D96B5E /* moustachizer */ = {
			isa = PBXNativeTarget;
			buildConfigurationList = 1DEB923108733DC60010E9CD /* Build configuration list for PBXNativeTarget "moustachizer" */;
			buildPhases = (
				8DD76F640486A84900D96B5E /* Sources */,
				8DD76F660486A84900D96B5E /* Frameworks */,
				8DD76F690486A84900D96B5E /* CopyFiles */,
			);
			buildRules = (
			);
			dependencies = (
			);
			name = moustachizer;
			productInstallPath = "$(HOME)/bin";
			productName = unlogo;
			productReference = 8DD76F6C0486A84900D96B5E /* unlogo */;
			productType = "com.apple.product-type.tool";
		};
/* End PBXNativeTarget section */

/* Begin PBXProject section */
		08FB7793FE84155DC02AAC07 /* Project object */ = {
			isa = PBXProject;
			buildConfigurationList = 1DEB923508733DC60010E9CD /* Build configuration list for PBXProject "moustachizer" */;
			compatibilityVersion = "Xcode 3.1";
			developmentRegion = English;
			hasScannedForEncodings = 1;
			knownRegions = (
				English,
				Japanese,
				French,
				German,
			);
			mainGroup = 08FB7794FE84155DC02AAC07 /* unlogo */;
			projectDirPath = "";
			projectRoot = "";
			targets = (
				8DD76F620486A84900D96B5E /* moustachizer */,
			);
		};
/* End PBXProject section */

/* Begin PBXSourcesBuildPhase section */
		8DD76F640486A84900D96B5E /* Sources */ = {
			isa = PBXSourcesBuildPhase;
			buildActionMask = 2147483647;
			files = (
				1F2E1A931221A0E100B7FED1 /* main.cpp in Sources */,
				1F2E1A951221A0E100B7FED1 /* Image.cpp in Sources */,
				1F2E1A961221A0E100B7FED1 /* ulUtils.cpp in Sources */,
				1FEA1C2D12455097002CBEC7 /* moustachizer.cpp in Sources */,
			);
			runOnlyForDeploymentPostprocessing = 0;
		};
/* End PBXSourcesBuildPhase section */

/* Begin XCBuildConfiguration section */
		1DEB923208733DC60010E9CD /* Debug */ = {
			isa = XCBuildConfiguration;
			buildSettings = {
				ALWAYS_SEARCH_USER_PATHS = NO;
				COPY_PHASE_STRIP = NO;
				GCC_DYNAMIC_NO_PIC = NO;
				GCC_ENABLE_FIX_AND_CONTINUE = YES;
				GCC_MODEL_TUNING = G5;
				GCC_OPTIMIZATION_LEVEL = 0;
				HEADER_SEARCH_PATHS = (
					"\"$(SRCROOT)/include\"",
					"\"$(SRCROOT)/include/opencv\"",
				);
				INSTALL_PATH = /usr/local/bin;
				LIBRARY_SEARCH_PATHS = (
					"\"$(SRCROOT)/lib\"",
					"\"$(SRCROOT)/opencv/lib\"",
				);
				PRODUCT_NAME = unlogo;
			};
			name = Debug;
		};
		1DEB923308733DC60010E9CD /* Release */ = {
			isa = XCBuildConfiguration;
			buildSettings = {
				ALWAYS_SEARCH_USER_PATHS = NO;
				DEBUG_INFORMATION_FORMAT = "dwarf-with-dsym";
				GCC_MODEL_TUNING = G5;
				HEADER_SEARCH_PATHS = (
					"\"$(SRCROOT)/include\"",
					"\"$(SRCROOT)/include/opencv\"",
				);
				INSTALL_PATH = /usr/local/bin;
				LIBRARY_SEARCH_PATHS = (
					"\"$(SRCROOT)/lib\"",
					"\"$(SRCROOT)/opencv/lib\"",
				);
				PRODUCT_NAME = unlogo;
			};
			name = Release;
		};
		1DEB923608733DC60010E9CD /* Debug */ = {
			isa = XCBuildConfiguration;
			buildSettings = {
				ARCHS = "$(ARCHS_STANDARD_32_64_BIT)";
				GCC_C_LANGUAGE_STANDARD = gnu99;
				GCC_OPTIMIZATION_LEVEL = 0;
				GCC_WARN_ABOUT_RETURN_TYPE = YES;
				GCC_WARN_UNUSED_VARIABLE = YES;
				ONLY_ACTIVE_ARCH = YES;
				PREBINDING = NO;
				SDKROOT = macosx10.6;
			};
			name = Debug;
		};
		1DEB923708733DC60010E9CD /* Release */ = {
			isa = XCBuildConfiguration;
			buildSettings = {
				ARCHS = "$(ARCHS_STANDARD_32_64_BIT)";
				GCC_C_LANGUAGE_STANDARD = gnu99;
				GCC_WARN_ABOUT_RETURN_TYPE = YES;
				GCC_WARN_UNUSED_VARIABLE = YES;
				PREBINDING = NO;
				SDKROOT = macosx10.6;
			};
			name = Release;
		};
/* End XCBuildConfiguration section */

/* Begin XCConfigurationList section */
		1DEB923108733DC60010E9CD /* Build configuration list for PBXNativeTarget "moustachizer" */ = {
			isa = XCConfigurationList;
			buildConfigurations = (
				1DEB923208733DC60010E9CD /* Debug */,
				1DEB923308733DC60010E9CD /* Release */,
			);
			defaultConfigurationIsVisible = 0;
			defaultConfigurationName = Release;
		};
		1DEB923508733DC60010E9CD /* Build configuration list for PBXProject "moustachizer" */ = {
			isa = XCConfigurationList;
			buildConfigurations = (
				1DEB923608733DC60010E9CD /* Debug */,
				1DEB923708733DC60010E9CD /* Release */,
			);
			defaultConfigurationIsVisible = 0;
			defaultConfigurationName = Release;
		};
/* End XCConfigurationList section */
	};
	rootObject = 08FB7793FE84155DC02AAC07 /* Project object */;
}
