// !$*UTF8*$!
{
	archiveVersion = 1;
	classes = {
	};
	objectVersion = 45;
	objects = {

/* Begin PBXBuildFile section */
		1F2E1A931221A0E100B7FED1 /* main.cpp in Sources */ = {isa = PBXBuildFile; fileRef = 1F2E1A8B1221A0E100B7FED1 /* main.cpp */; };
		1F2E1A951221A0E100B7FED1 /* Image.cpp in Sources */ = {isa = PBXBuildFile; fileRef = 1F2E1A8E1221A0E100B7FED1 /* Image.cpp */; };
		1F2E1A961221A0E100B7FED1 /* ulUtils.cpp in Sources */ = {isa = PBXBuildFile; fileRef = 1F2E1A901221A0E100B7FED1 /* ulUtils.cpp */; };
		1FB5A3A51245BD28004B51B7 /* libopencv_calib3d.a in Frameworks */ = {isa = PBXBuildFile; fileRef = 1FB5A39D1245BD28004B51B7 /* libopencv_calib3d.a */; };
		1FB5A3A61245BD28004B51B7 /* libopencv_contrib.a in Frameworks */ = {isa = PBXBuildFile; fileRef = 1FB5A39E1245BD28004B51B7 /* libopencv_contrib.a */; };
		1FB5A3A71245BD28004B51B7 /* libopencv_core.a in Frameworks */ = {isa = PBXBuildFile; fileRef = 1FB5A39F1245BD28004B51B7 /* libopencv_core.a */; };
		1FB5A3A81245BD28004B51B7 /* libopencv_features2d.a in Frameworks */ = {isa = PBXBuildFile; fileRef = 1FB5A3A01245BD28004B51B7 /* libopencv_features2d.a */; };
		1FB5A3A91245BD28004B51B7 /* libopencv_highgui.a in Frameworks */ = {isa = PBXBuildFile; fileRef = 1FB5A3A11245BD28004B51B7 /* libopencv_highgui.a */; };
		1FB5A3AA1245BD28004B51B7 /* libopencv_imgproc.a in Frameworks */ = {isa = PBXBuildFile; fileRef = 1FB5A3A21245BD28004B51B7 /* libopencv_imgproc.a */; };
		1FB5A3AB1245BD28004B51B7 /* libopencv_legacy.a in Frameworks */ = {isa = PBXBuildFile; fileRef = 1FB5A3A31245BD28004B51B7 /* libopencv_legacy.a */; };
		1FB5A3AC1245BD28004B51B7 /* libopencv_video.a in Frameworks */ = {isa = PBXBuildFile; fileRef = 1FB5A3A41245BD28004B51B7 /* libopencv_video.a */; };
		1FB5A3BE1245BD7D004B51B7 /* libopencv_objdetect.a in Frameworks */ = {isa = PBXBuildFile; fileRef = 1FB5A3BD1245BD7D004B51B7 /* libopencv_objdetect.a */; };
		1FB5A3F91245BE80004B51B7 /* libz.dylib in Frameworks */ = {isa = PBXBuildFile; fileRef = 1FB5A3F81245BE80004B51B7 /* libz.dylib */; };
		1FB5A3FD1245BEFD004B51B7 /* Foundation.framework in Frameworks */ = {isa = PBXBuildFile; fileRef = 1FB5A3FC1245BEFD004B51B7 /* Foundation.framework */; };
		1FB5A4031245BF3A004B51B7 /* CoreVideo.framework in Frameworks */ = {isa = PBXBuildFile; fileRef = 1FB5A4021245BF3A004B51B7 /* CoreVideo.framework */; };
		1FB5A4101245BFF8004B51B7 /* Cocoa.framework in Frameworks */ = {isa = PBXBuildFile; fileRef = 1FB5A40F1245BFF8004B51B7 /* Cocoa.framework */; };
		1FB5A5AA1245C37D004B51B7 /* vecLib.framework in Frameworks */ = {isa = PBXBuildFile; fileRef = 1FB5A5A91245C37D004B51B7 /* vecLib.framework */; };
		1FB5A5D31245C908004B51B7 /* QTKit.framework in Frameworks */ = {isa = PBXBuildFile; fileRef = 1FB5A5D21245C908004B51B7 /* QTKit.framework */; };
		1FB5A60F1245CB64004B51B7 /* libjasper.a in Frameworks */ = {isa = PBXBuildFile; fileRef = 1FB5A60A1245CB64004B51B7 /* libjasper.a */; };
		1FB5A6101245CB64004B51B7 /* libjpeg.a in Frameworks */ = {isa = PBXBuildFile; fileRef = 1FB5A60B1245CB64004B51B7 /* libjpeg.a */; };
		1FB5A6121245CB64004B51B7 /* libpng14.a in Frameworks */ = {isa = PBXBuildFile; fileRef = 1FB5A60D1245CB64004B51B7 /* libpng14.a */; };
		1FB5A6131245CB64004B51B7 /* libtiff.a in Frameworks */ = {isa = PBXBuildFile; fileRef = 1FB5A60E1245CB64004B51B7 /* libtiff.a */; };
		1FB5A6741245E69D004B51B7 /* moustachizer.cpp in Sources */ = {isa = PBXBuildFile; fileRef = 1FB5A6731245E69D004B51B7 /* moustachizer.cpp */; };
/* End PBXBuildFile section */

/* Begin PBXCopyFilesBuildPhase section */
		8DD76F690486A84900D96B5E /* CopyFiles */ = {
			isa = PBXCopyFilesBuildPhase;
			buildActionMask = 8;
			dstPath = /usr/share/man/man1/;
			dstSubfolderSpec = 0;
			files = (
			);
			runOnlyForDeploymentPostprocessing = 1;
		};
/* End PBXCopyFilesBuildPhase section */

/* Begin PBXFileReference section */
		1F2E1A8B1221A0E100B7FED1 /* main.cpp */ = {isa = PBXFileReference; fileEncoding = 4; lastKnownFileType = sourcecode.cpp.cpp; name = main.cpp; path = src/main.cpp; sourceTree = SOURCE_ROOT; };
		1F2E1A8E1221A0E100B7FED1 /* Image.cpp */ = {isa = PBXFileReference; fileEncoding = 4; lastKnownFileType = sourcecode.cpp.cpp; name = Image.cpp; path = src/Image.cpp; sourceTree = "<group>"; };
		1F2E1A8F1221A0E100B7FED1 /* Image.h */ = {isa = PBXFileReference; fileEncoding = 4; lastKnownFileType = sourcecode.c.h; name = Image.h; path = src/Image.h; sourceTree = "<group>"; };
		1F2E1A901221A0E100B7FED1 /* ulUtils.cpp */ = {isa = PBXFileReference; fileEncoding = 4; lastKnownFileType = sourcecode.cpp.cpp; name = ulUtils.cpp; path = src/ulUtils.cpp; sourceTree = "<group>"; };
		1F2E1A911221A0E100B7FED1 /* ulUtils.h */ = {isa = PBXFileReference; fileEncoding = 4; lastKnownFileType = sourcecode.c.h; name = ulUtils.h; path = src/ulUtils.h; sourceTree = "<group>"; };
		1FB5A316124583C4004B51B7 /* moustachizer.1 */ = {isa = PBXFileReference; fileEncoding = 4; lastKnownFileType = text.man; path = moustachizer.1; sourceTree = SOURCE_ROOT; };
		1FB5A39D1245BD28004B51B7 /* libopencv_calib3d.a */ = {isa = PBXFileReference; lastKnownFileType = archive.ar; name = libopencv_calib3d.a; path = lib/libopencv_calib3d.a; sourceTree = SOURCE_ROOT; };
		1FB5A39E1245BD28004B51B7 /* libopencv_contrib.a */ = {isa = PBXFileReference; lastKnownFileType = archive.ar; name = libopencv_contrib.a; path = lib/libopencv_contrib.a; sourceTree = SOURCE_ROOT; };
		1FB5A39F1245BD28004B51B7 /* libopencv_core.a */ = {isa = PBXFileReference; lastKnownFileType = archive.ar; name = libopencv_core.a; path = lib/libopencv_core.a; sourceTree = SOURCE_ROOT; };
		1FB5A3A01245BD28004B51B7 /* libopencv_features2d.a */ = {isa = PBXFileReference; lastKnownFileType = archive.ar; name = libopencv_features2d.a; path = lib/libopencv_features2d.a; sourceTree = SOURCE_ROOT; };
		1FB5A3A11245BD28004B51B7 /* libopencv_highgui.a */ = {isa = PBXFileReference; lastKnownFileType = archive.ar; name = libopencv_highgui.a; path = lib/libopencv_highgui.a; sourceTree = SOURCE_ROOT; };
		1FB5A3A21245BD28004B51B7 /* libopencv_imgproc.a */ = {isa = PBXFileReference; lastKnownFileType = archive.ar; name = libopencv_imgproc.a; path = lib/libopencv_imgproc.a; sourceTree = SOURCE_ROOT; };
		1FB5A3A31245BD28004B51B7 /* libopencv_legacy.a */ = {isa = PBXFileReference; lastKnownFileType = archive.ar; name = libopencv_legacy.a; path = lib/libopencv_legacy.a; sourceTree = SOURCE_ROOT; };
		1FB5A3A41245BD28004B51B7 /* libopencv_video.a */ = {isa = PBXFileReference; lastKnownFileType = archive.ar; name = libopencv_video.a; path = lib/libopencv_video.a; sourceTree = SOURCE_ROOT; };
		1FB5A3BD1245BD7D004B51B7 /* libopencv_objdetect.a */ = {isa = PBXFileReference; lastKnownFileType = archive.ar; name = libopencv_objdetect.a; path = lib/libopencv_objdetect.a; sourceTree = SOURCE_ROOT; };
		1FB5A3F81245BE80004B51B7 /* libz.dylib */ = {isa = PBXFileReference; lastKnownFileType = "compiled.mach-o.dylib"; name = libz.dylib; path = usr/lib/libz.dylib; sourceTree = SDKROOT; };
		1FB5A3FC1245BEFD004B51B7 /* Foundation.framework */ = {isa = PBXFileReference; lastKnownFileType = wrapper.framework; name = Foundation.framework; path = System/Library/Frameworks/Foundation.framework; sourceTree = SDKROOT; };
		1FB5A4021245BF3A004B51B7 /* CoreVideo.framework */ = {isa = PBXFileReference; lastKnownFileType = wrapper.framework; name = CoreVideo.framework; path = System/Library/Frameworks/CoreVideo.framework; sourceTree = SDKROOT; };
		1FB5A40F1245BFF8004B51B7 /* Cocoa.framework */ = {isa = PBXFileReference; lastKnownFileType = wrapper.framework; name = Cocoa.framework; path = System/Library/Frameworks/Cocoa.framework; sourceTree = SDKROOT; };
		1FB5A5A91245C37D004B51B7 /* vecLib.framework */ = {isa = PBXFileReference; lastKnownFileType = wrapper.framework; name = vecLib.framework; path = System/Library/Frameworks/vecLib.framework; sourceTree = SDKROOT; };
		1FB5A5D21245C908004B51B7 /* QTKit.framework */ = {isa = PBXFileReference; lastKnownFileType = wrapper.framework; name = QTKit.framework; path = System/Library/Frameworks/QTKit.framework; sourceTree = SDKROOT; };
		1FB5A60A1245CB64004B51B7 /* libjasper.a */ = {isa = PBXFileReference; lastKnownFileType = archive.ar; name = libjasper.a; path = lib/libjasper.a; sourceTree = SOURCE_ROOT; };
		1FB5A60B1245CB64004B51B7 /* libjpeg.a */ = {isa = PBXFileReference; lastKnownFileType = archive.ar; name = libjpeg.a; path = lib/libjpeg.a; sourceTree = SOURCE_ROOT; };
		1FB5A60D1245CB64004B51B7 /* libpng14.a */ = {isa = PBXFileReference; lastKnownFileType = archive.ar; name = libpng14.a; path = lib/libpng14.a; sourceTree = SOURCE_ROOT; };
		1FB5A60E1245CB64004B51B7 /* libtiff.a */ = {isa = PBXFileReference; lastKnownFileType = archive.ar; name = libtiff.a; path = lib/libtiff.a; sourceTree = SOURCE_ROOT; };
		1FB5A6731245E69D004B51B7 /* moustachizer.cpp */ = {isa = PBXFileReference; fileEncoding = 4; lastKnownFileType = sourcecode.cpp.cpp; name = moustachizer.cpp; path = src/moustachizer.cpp; sourceTree = SOURCE_ROOT; };
		8DD76F6C0486A84900D96B5E /* unlogo */ = {isa = PBXFileReference; explicitFileType = "compiled.mach-o.executable"; includeInIndex = 0; path = unlogo; sourceTree = BUILT_PRODUCTS_DIR; };
/* End PBXFileReference section */

/* Begin PBXFrameworksBuildPhase section */
		8DD76F660486A84900D96B5E /* Frameworks */ = {
			isa = PBXFrameworksBuildPhase;
			buildActionMask = 2147483647;
			files = (
				1FB5A3A51245BD28004B51B7 /* libopencv_calib3d.a in Frameworks */,
				1FB5A3A61245BD28004B51B7 /* libopencv_contrib.a in Frameworks */,
				1FB5A3A71245BD28004B51B7 /* libopencv_core.a in Frameworks */,
				1FB5A3A81245BD28004B51B7 /* libopencv_features2d.a in Frameworks */,
				1FB5A3A91245BD28004B51B7 /* libopencv_highgui.a in Frameworks */,
				1FB5A3AA1245BD28004B51B7 /* libopencv_imgproc.a in Frameworks */,
				1FB5A3AB1245BD28004B51B7 /* libopencv_legacy.a in Frameworks */,
				1FB5A3AC1245BD28004B51B7 /* libopencv_video.a in Frameworks */,
				1FB5A3BE1245BD7D004B51B7 /* libopencv_objdetect.a in Frameworks */,
				1FB5A3F91245BE80004B51B7 /* libz.dylib in Frameworks */,
				1FB5A3FD1245BEFD004B51B7 /* Foundation.framework in Frameworks */,
				1FB5A4031245BF3A004B51B7 /* CoreVideo.framework in Frameworks */,
				1FB5A4101245BFF8004B51B7 /* Cocoa.framework in Frameworks */,
				1FB5A5AA1245C37D004B51B7 /* vecLib.framework in Frameworks */,
				1FB5A5D31245C908004B51B7 /* QTKit.framework in Frameworks */,
				1FB5A60F1245CB64004B51B7 /* libjasper.a in Frameworks */,
				1FB5A6101245CB64004B51B7 /* libjpeg.a in Frameworks */,
				1FB5A6121245CB64004B51B7 /* libpng14.a in Frameworks */,
				1FB5A6131245CB64004B51B7 /* libtiff.a in Frameworks */,
			);
			runOnlyForDeploymentPostprocessing = 0;
		};
/* End PBXFrameworksBuildPhase section */

/* Begin PBXGroup section */
		08FB7794FE84155DC02AAC07 /* unlogo */ = {
			isa = PBXGroup;
			children = (
				08FB7795FE84155DC02AAC07 /* Source */,
				1FF04E5C121C8BEF0017E206 /* Libraries */,
				1FB5A5E91245C939004B51B7 /* Frameworks */,
				C6859E8C029090F304C91782 /* Documentation */,
				1AB674ADFE9D54B511CA2CBB /* Products */,
			);
			name = unlogo;
			sourceTree = "<group>";
		};
		08FB7795FE84155DC02AAC07 /* Source */ = {
			isa = PBXGroup;
			children = (
				1F2E1A8B1221A0E100B7FED1 /* main.cpp */,
				1F08A61B122374D400DE8879 /* Unlogo */,
			);
			name = Source;
			sourceTree = "<group>";
		};
		1AB674ADFE9D54B511CA2CBB /* Products */ = {
			isa = PBXGroup;
			children = (
				8DD76F6C0486A84900D96B5E /* unlogo */,
			);
			name = Products;
			sourceTree = "<group>";
		};
		1F08A61B122374D400DE8879 /* Unlogo */ = {
			isa = PBXGroup;
			children = (
				1FB5A6731245E69D004B51B7 /* moustachizer.cpp */,
				1F2E1A8F1221A0E100B7FED1 /* Image.h */,
				1F2E1A8E1221A0E100B7FED1 /* Image.cpp */,
				1F2E1A901221A0E100B7FED1 /* ulUtils.cpp */,
				1F2E1A911221A0E100B7FED1 /* ulUtils.h */,
			);
			name = Unlogo;
			sourceTree = "<group>";
		};
		1FB5A5E91245C939004B51B7 /* Frameworks */ = {
			isa = PBXGroup;
			children = (
				1FB5A3F81245BE80004B51B7 /* libz.dylib */,
				1FB5A40F1245BFF8004B51B7 /* Cocoa.framework */,
				1FB5A3FC1245BEFD004B51B7 /* Foundation.framework */,
				1FB5A4021245BF3A004B51B7 /* CoreVideo.framework */,
				1FB5A5A91245C37D004B51B7 /* vecLib.framework */,
				1FB5A5D21245C908004B51B7 /* QTKit.framework */,
			);
			name = Frameworks;
			sourceTree = "<group>";
		};
		1FF04E5C121C8BEF0017E206 /* Libraries */ = {
			isa = PBXGroup;
			children = (
				1FB5A60A1245CB64004B51B7 /* libjasper.a */,
				1FB5A60B1245CB64004B51B7 /* libjpeg.a */,
				1FB5A60D1245CB64004B51B7 /* libpng14.a */,
				1FB5A60E1245CB64004B51B7 /* libtiff.a */,
				1FB5A39D1245BD28004B51B7 /* libopencv_calib3d.a */,
				1FB5A39E1245BD28004B51B7 /* libopencv_contrib.a */,
				1FB5A39F1245BD28004B51B7 /* libopencv_core.a */,
				1FB5A3BD1245BD7D004B51B7 /* libopencv_objdetect.a */,
				1FB5A3A01245BD28004B51B7 /* libopencv_features2d.a */,
				1FB5A3A11245BD28004B51B7 /* libopencv_highgui.a */,
				1FB5A3A21245BD28004B51B7 /* libopencv_imgproc.a */,
				1FB5A3A31245BD28004B51B7 /* libopencv_legacy.a */,
				1FB5A3A41245BD28004B51B7 /* libopencv_video.a */,
			);
			name = Libraries;
			sourceTree = "<group>";
		};
		C6859E8C029090F304C91782 /* Documentation */ = {
			isa = PBXGroup;
			children = (
				1FB5A316124583C4004B51B7 /* moustachizer.1 */,
			);
			name = Documentation;
			sourceTree = "<group>";
		};
/* End PBXGroup section */

/* Begin PBXNativeTarget section */
		8DD76F620486A84900D96B5E /* moustachizer */ = {
			isa = PBXNativeTarget;
			buildConfigurationList = 1DEB923108733DC60010E9CD /* Build configuration list for PBXNativeTarget "moustachizer" */;
			buildPhases = (
				8DD76F640486A84900D96B5E /* Sources */,
				8DD76F660486A84900D96B5E /* Frameworks */,
				8DD76F690486A84900D96B5E /* CopyFiles */,
			);
			buildRules = (
			);
			dependencies = (
			);
			name = moustachizer;
			productInstallPath = "$(HOME)/bin";
			productName = unlogo;
			productReference = 8DD76F6C0486A84900D96B5E /* unlogo */;
			productType = "com.apple.product-type.tool";
		};
/* End PBXNativeTarget section */

/* Begin PBXProject section */
		08FB7793FE84155DC02AAC07 /* Project object */ = {
			isa = PBXProject;
			buildConfigurationList = 1DEB923508733DC60010E9CD /* Build configuration list for PBXProject "unlogo" */;
			compatibilityVersion = "Xcode 3.1";
			developmentRegion = English;
			hasScannedForEncodings = 1;
			knownRegions = (
				English,
				Japanese,
				French,
				German,
			);
			mainGroup = 08FB7794FE84155DC02AAC07 /* unlogo */;
			projectDirPath = "";
			projectRoot = "";
			targets = (
				8DD76F620486A84900D96B5E /* moustachizer */,
			);
		};
/* End PBXProject section */

/* Begin PBXSourcesBuildPhase section */
		8DD76F640486A84900D96B5E /* Sources */ = {
			isa = PBXSourcesBuildPhase;
			buildActionMask = 2147483647;
			files = (
				1F2E1A931221A0E100B7FED1 /* main.cpp in Sources */,
				1F2E1A951221A0E100B7FED1 /* Image.cpp in Sources */,
				1F2E1A961221A0E100B7FED1 /* ulUtils.cpp in Sources */,
				1FB5A6741245E69D004B51B7 /* moustachizer.cpp in Sources */,
			);
			runOnlyForDeploymentPostprocessing = 0;
		};
/* End PBXSourcesBuildPhase section */

/* Begin XCBuildConfiguration section */
		1DEB923208733DC60010E9CD /* Debug */ = {
			isa = XCBuildConfiguration;
			buildSettings = {
				ALWAYS_SEARCH_USER_PATHS = NO;
				COPY_PHASE_STRIP = NO;
				GCC_DYNAMIC_NO_PIC = NO;
				GCC_ENABLE_FIX_AND_CONTINUE = YES;
				GCC_MODEL_TUNING = G5;
				GCC_OPTIMIZATION_LEVEL = 0;
				HEADER_SEARCH_PATHS = (
					"\"$(SRCROOT)/include\"",
					"\"$(SRCROOT)/include/opencv\"",
				);
				INSTALL_PATH = /usr/local/bin;
				LIBRARY_SEARCH_PATHS = "\"$(SRCROOT)/lib\"";
				OTHER_CPLUSPLUSFLAGS = (
					"-DXCODE_DEBUG",
					"$(OTHER_CFLAGS)",
				);
				PRODUCT_NAME = unlogo;
			};
			name = Debug;
		};
		1DEB923308733DC60010E9CD /* Release */ = {
			isa = XCBuildConfiguration;
			buildSettings = {
				ALWAYS_SEARCH_USER_PATHS = NO;
				DEBUG_INFORMATION_FORMAT = "dwarf-with-dsym";
				GCC_MODEL_TUNING = G5;
				HEADER_SEARCH_PATHS = (
					"\"$(SRCROOT)/include\"",
					"\"$(SRCROOT)/include/opencv\"",
				);
				INSTALL_PATH = /usr/local/bin;
				LIBRARY_SEARCH_PATHS = "\"$(SRCROOT)/lib\"";
				OTHER_CPLUSPLUSFLAGS = (
					"-DXCODE_DEBUG",
					"$(OTHER_CFLAGS)",
				);
				PRODUCT_NAME = unlogo;
			};
			name = Release;
		};
		1DEB923608733DC60010E9CD /* Debug */ = {
			isa = XCBuildConfiguration;
			buildSettings = {
				ARCHS = "$(ARCHS_STANDARD_32_64_BIT)";
				GCC_C_LANGUAGE_STANDARD = gnu99;
				GCC_OPTIMIZATION_LEVEL = 0;
				GCC_WARN_ABOUT_RETURN_TYPE = YES;
				GCC_WARN_UNUSED_VARIABLE = YES;
				ONLY_ACTIVE_ARCH = YES;
				PREBINDING = NO;
				SDKROOT = macosx10.6;
			};
			name = Debug;
		};
		1DEB923708733DC60010E9CD /* Release */ = {
			isa = XCBuildConfiguration;
			buildSettings = {
				ARCHS = "$(ARCHS_STANDARD_32_64_BIT)";
				GCC_C_LANGUAGE_STANDARD = gnu99;
				GCC_WARN_ABOUT_RETURN_TYPE = YES;
				GCC_WARN_UNUSED_VARIABLE = YES;
				PREBINDING = NO;
				SDKROOT = macosx10.6;
			};
			name = Release;
		};
/* End XCBuildConfiguration section */

/* Begin XCConfigurationList section */
		1DEB923108733DC60010E9CD /* Build configuration list for PBXNativeTarget "moustachizer" */ = {
			isa = XCConfigurationList;
			buildConfigurations = (
				1DEB923208733DC60010E9CD /* Debug */,
				1DEB923308733DC60010E9CD /* Release */,
			);
			defaultConfigurationIsVisible = 0;
			defaultConfigurationName = Release;
		};
		1DEB923508733DC60010E9CD /* Build configuration list for PBXProject "unlogo" */ = {
			isa = XCConfigurationList;
			buildConfigurations = (
				1DEB923608733DC60010E9CD /* Debug */,
				1DEB923708733DC60010E9CD /* Release */,
			);
			defaultConfigurationIsVisible = 0;
			defaultConfigurationName = Release;
		};
/* End XCConfigurationList section */
	};
	rootObject = 08FB7793FE84155DC02AAC07 /* Project object */;
}
